
Microsoft Visual Studio Solution File, Format Version 12.00
# Visual Studio Version 17
VisualStudioVersion = 17.9.34607.119
MinimumVisualStudioVersion = 10.0.40219.1
Project("{2150E333-8FDC-42A3-9474-1A3956D46DE8}") = "Services", "Services", "{02EA681E-C7D8-13C7-8484-4AC65E1B71E8}"
EndProject
Project("{2150E333-8FDC-42A3-9474-1A3956D46DE8}") = "Catalog", "Catalog", "{FFAFEA2C-9495-436A-81AB-D6FA949A073A}"
EndProject
Project("{FAE04EC0-301F-11D3-BF4B-00C04F79EFBC}") = "Catalog.Api", "Services\Catalog\Catalog.Api\Catalog.Api.csproj", "{02D6439A-F607-47C3-8E0B-E5FD6DA6B67A}"
EndProject
Project("{2150E333-8FDC-42A3-9474-1A3956D46DE8}") = "BuildingBlocks", "BuildingBlocks", "{DDC0E8B7-739D-43EB-8314-05329A75D520}"
EndProject
Project("{FAE04EC0-301F-11D3-BF4B-00C04F79EFBC}") = "BuildingBlocks", "BuildingBlocks\BuildingBlocks\BuildingBlocks.csproj", "{3082196E-2509-43B1-846B-F8D1CD159037}"
EndProject
Project("{E53339B2-1760-4266-BCC7-CA923CBCF16C}") = "docker-compose", "docker-compose.dcproj", "{81DDED9D-158B-E303-5F62-77A2896D2A5A}"
EndProject
Project("{2150E333-8FDC-42A3-9474-1A3956D46DE8}") = "Basket", "Basket", "{A03F717C-F811-4AF9-A999-43A144BD792A}"
EndProject
Project("{FAE04EC0-301F-11D3-BF4B-00C04F79EFBC}") = "Basket.API", "Services\Basket\Basket.API\Basket.API.csproj", "{21F0B002-DD94-41A4-8466-1654FAF0EF4D}"
EndProject
Global
	GlobalSection(SolutionConfigurationPlatforms) = preSolution
		Debug|Any CPU = Debug|Any CPU
		Release|Any CPU = Release|Any CPU
	EndGlobalSection
	GlobalSection(ProjectConfigurationPlatforms) = postSolution
		{02D6439A-F607-47C3-8E0B-E5FD6DA6B67A}.Debug|Any CPU.ActiveCfg = Debug|Any CPU
		{02D6439A-F607-47C3-8E0B-E5FD6DA6B67A}.Debug|Any CPU.Build.0 = Debug|Any CPU
		{02D6439A-F607-47C3-8E0B-E5FD6DA6B67A}.Release|Any CPU.ActiveCfg = Release|Any CPU
		{02D6439A-F607-47C3-8E0B-E5FD6DA6B67A}.Release|Any CPU.Build.0 = Release|Any CPU
		{3082196E-2509-43B1-846B-F8D1CD159037}.Debug|Any CPU.ActiveCfg = Debug|Any CPU
		{3082196E-2509-43B1-846B-F8D1CD159037}.Debug|Any CPU.Build.0 = Debug|Any CPU
		{3082196E-2509-43B1-846B-F8D1CD159037}.Release|Any CPU.ActiveCfg = Release|Any CPU
		{3082196E-2509-43B1-846B-F8D1CD159037}.Release|Any CPU.Build.0 = Release|Any CPU
		{81DDED9D-158B-E303-5F62-77A2896D2A5A}.Debug|Any CPU.ActiveCfg = Debug|Any CPU
		{81DDED9D-158B-E303-5F62-77A2896D2A5A}.Debug|Any CPU.Build.0 = Debug|Any CPU
		{81DDED9D-158B-E303-5F62-77A2896D2A5A}.Release|Any CPU.ActiveCfg = Release|Any CPU
		{81DDED9D-158B-E303-5F62-77A2896D2A5A}.Release|Any CPU.Build.0 = Release|Any CPU
		{21F0B002-DD94-41A4-8466-1654FAF0EF4D}.Debug|Any CPU.ActiveCfg = Debug|Any CPU
		{21F0B002-DD94-41A4-8466-1654FAF0EF4D}.Debug|Any CPU.Build.0 = Debug|Any CPU
		{21F0B002-DD94-41A4-8466-1654FAF0EF4D}.Release|Any CPU.ActiveCfg = Release|Any CPU
		{21F0B002-DD94-41A4-8466-1654FAF0EF4D}.Release|Any CPU.Build.0 = Release|Any CPU
	EndGlobalSection
	GlobalSection(SolutionProperties) = preSolution
		HideSolutionNode = FALSE
	EndGlobalSection
	GlobalSection(NestedProjects) = preSolution
		{FFAFEA2C-9495-436A-81AB-D6FA949A073A} = {02EA681E-C7D8-13C7-8484-4AC65E1B71E8}
		{02D6439A-F607-47C3-8E0B-E5FD6DA6B67A} = {FFAFEA2C-9495-436A-81AB-D6FA949A073A}
		{3082196E-2509-43B1-846B-F8D1CD159037} = {DDC0E8B7-739D-43EB-8314-05329A75D520}
		{A03F717C-F811-4AF9-A999-43A144BD792A} = {02EA681E-C7D8-13C7-8484-4AC65E1B71E8}
		{21F0B002-DD94-41A4-8466-1654FAF0EF4D} = {A03F717C-F811-4AF9-A999-43A144BD792A}
	EndGlobalSection
	GlobalSection(ExtensibilityGlobals) = postSolution
		SolutionGuid = {090A4573-F190-42FE-B142-7ED1BEDA8161}
	EndGlobalSection
EndGlobal
